
Microsoft Visual Studio Solution File, Format Version 12.00
# Visual Studio Version 16
VisualStudioVersion = 16.0.31205.134
MinimumVisualStudioVersion = 10.0.40219.1
Project("{8BC9CEB8-8B4A-11D0-8D11-00A0C91BC942}") = "IMAT3906Cube", "IMAT3906Cube\IMAT3906Cube.vcxproj", "{07153917-8C12-4768-8207-E4FE8D5A3633}"
EndProject
Global
	GlobalSection(SolutionConfigurationPlatforms) = preSolution
		Debug|x64 = Debug|x64
		Debug|x86 = Debug|x86
		Release|x64 = Release|x64
		Release|x86 = Release|x86
	EndGlobalSection
	GlobalSection(ProjectConfigurationPlatforms) = postSolution
		{07153917-8C12-4768-8207-E4FE8D5A3633}.Debug|x64.ActiveCfg = Debug|x64
		{07153917-8C12-4768-8207-E4FE8D5A3633}.Debug|x64.Build.0 = Debug|x64
		{07153917-8C12-4768-8207-E4FE8D5A3633}.Debug|x86.ActiveCfg = Debug|Win32
		{07153917-8C12-4768-8207-E4FE8D5A3633}.Debug|x86.Build.0 = Debug|Win32
		{07153917-8C12-4768-8207-E4FE8D5A3633}.Release|x64.ActiveCfg = Release|x64
		{07153917-8C12-4768-8207-E4FE8D5A3633}.Release|x64.Build.0 = Release|x64
		{07153917-8C12-4768-8207-E4FE8D5A3633}.Release|x86.ActiveCfg = Release|Win32
		{07153917-8C12-4768-8207-E4FE8D5A3633}.Release|x86.Build.0 = Release|Win32
	EndGlobalSection
	GlobalSection(SolutionProperties) = preSolution
		HideSolutionNode = FALSE
	EndGlobalSection
	GlobalSection(ExtensibilityGlobals) = postSolution
		SolutionGuid = {05FD6F0D-68C2-47A8-B97D-369D72AB27DC}
	EndGlobalSection
EndGlobal
